
Microsoft Visual Studio Solution File, Format Version 12.00
# Visual Studio 2013
VisualStudioVersion = 12.0.40629.0
MinimumVisualStudioVersion = 10.0.40219.1
Project("{FAE04EC0-301F-11D3-BF4B-00C04F79EFBC}") = "BizTalkComponents.PipelineComponents.CustomMacros", "PipelineComponent\BizTalkComponents.PipelineComponents.CustomMacros.csproj", "{BF420889-20FD-46F2-A3A7-D1A1EACE90C6}"
EndProject
Project("{FAE04EC0-301F-11D3-BF4B-00C04F79EFBC}") = "BizTalkComponents.Pipelines.CustomMacros", "Tests\BizTalkComponents.Pipelines.CustomMacros\BizTalkComponents.Pipelines.CustomMacros.btproj", "{76D3556A-EF9E-4888-BBEE-C8E64542351F}"
EndProject
Global
	GlobalSection(SolutionConfigurationPlatforms) = preSolution
		Debug|Any CPU = Debug|Any CPU
		Release|Any CPU = Release|Any CPU
	EndGlobalSection
	GlobalSection(ProjectConfigurationPlatforms) = postSolution
		{BF420889-20FD-46F2-A3A7-D1A1EACE90C6}.Debug|Any CPU.ActiveCfg = Debug|Any CPU
		{BF420889-20FD-46F2-A3A7-D1A1EACE90C6}.Debug|Any CPU.Build.0 = Debug|Any CPU
		{BF420889-20FD-46F2-A3A7-D1A1EACE90C6}.Release|Any CPU.ActiveCfg = Release|Any CPU
		{BF420889-20FD-46F2-A3A7-D1A1EACE90C6}.Release|Any CPU.Build.0 = Release|Any CPU
		{76D3556A-EF9E-4888-BBEE-C8E64542351F}.Debug|Any CPU.ActiveCfg = Debug|Any CPU
		{76D3556A-EF9E-4888-BBEE-C8E64542351F}.Debug|Any CPU.Build.0 = Debug|Any CPU
		{76D3556A-EF9E-4888-BBEE-C8E64542351F}.Debug|Any CPU.Deploy.0 = Debug|Any CPU
		{76D3556A-EF9E-4888-BBEE-C8E64542351F}.Release|Any CPU.ActiveCfg = Release|Any CPU
		{76D3556A-EF9E-4888-BBEE-C8E64542351F}.Release|Any CPU.Build.0 = Release|Any CPU
		{76D3556A-EF9E-4888-BBEE-C8E64542351F}.Release|Any CPU.Deploy.0 = Release|Any CPU
	EndGlobalSection
	GlobalSection(SolutionProperties) = preSolution
		HideSolutionNode = FALSE
	EndGlobalSection
EndGlobal
